
Microsoft Visual Studio Solution File, Format Version 12.00
# Visual Studio 2013
VisualStudioVersion = 12.0.31101.0
MinimumVisualStudioVersion = 10.0.40219.1
Project("{FAE04EC0-301F-11D3-BF4B-00C04F79EFBC}") = "WebHost", "WebModeling\WebHost.csproj", "{4D4CBC0F-47D4-49E3-95B0-88F66E3A57CB}"
EndProject
Project("{FAE04EC0-301F-11D3-BF4B-00C04F79EFBC}") = "ViewModels", "ViewModels\ViewModels.csproj", "{7C0C3D3E-3927-4BB9-B63F-7CA60190A6D0}"
EndProject
Project("{FAE04EC0-301F-11D3-BF4B-00C04F79EFBC}") = "ApplicationServices", "ApplicationServices\ApplicationServices.csproj", "{2FD88395-33A7-4B61-A746-000441D482F4}"
EndProject
Project("{FAE04EC0-301F-11D3-BF4B-00C04F79EFBC}") = "ApplicationServiceContracts", "ApplicationServiceContracts\ApplicationServiceContracts.csproj", "{060C0A86-19BF-4566-9C49-FA3DAF1FA29C}"
EndProject
Project("{FAE04EC0-301F-11D3-BF4B-00C04F79EFBC}") = "WebApi", "WebApi\WebApi.csproj", "{99A596A9-0000-470C-93D3-9400713BFD24}"
EndProject
Project("{2150E333-8FDC-42A3-9474-1A3956D46DE8}") = "Database", "Database", "{C210DBAA-5634-4583-A259-825BCE827718}"
EndProject
Project("{FAE04EC0-301F-11D3-BF4B-00C04F79EFBC}") = "Cassandra", "Cassandra\Cassandra.csproj", "{F114F3E4-2393-4071-BB95-6626B985530E}"
EndProject
Project("{2150E333-8FDC-42A3-9474-1A3956D46DE8}") = "contracts", "contracts", "{A6ECD72C-60BC-4F6F-8562-D59D4329E0E7}"
EndProject
Project("{FAE04EC0-301F-11D3-BF4B-00C04F79EFBC}") = "RepositoryContracts", "RepositoryContracts\RepositoryContracts.csproj", "{49AAD8AE-C4A9-499B-A9E7-68C3894457E9}"
EndProject
Project("{2150E333-8FDC-42A3-9474-1A3956D46DE8}") = "Repository", "Repository", "{66B27A47-A040-484D-A34F-A051BA1A1C8C}"
EndProject
Project("{FAE04EC0-301F-11D3-BF4B-00C04F79EFBC}") = "Repositories", "PlantSummaryRepository\Repositories.csproj", "{2882E46E-49A1-4523-8AD5-D316DB70C815}"
EndProject
Project("{2150E333-8FDC-42A3-9474-1A3956D46DE8}") = "Domain Model", "Domain Model", "{17380F04-EBCA-45D6-8952-E3A39B74B4E9}"
EndProject
Project("{2150E333-8FDC-42A3-9474-1A3956D46DE8}") = "SharedLibraries", "SharedLibraries", "{1B2603ED-FAAF-4ED6-B0A6-F71E1490837B}"
EndProject
Project("{FAE04EC0-301F-11D3-BF4B-00C04F79EFBC}") = "Entities", "Entities\Entities.csproj", "{2D6F4AC0-540A-409B-9EB4-D6E26EE6141F}"
EndProject
Project("{FAE04EC0-301F-11D3-BF4B-00C04F79EFBC}") = "SharedLibrariesContracts", "SharedLibrariesContracts\SharedLibrariesContracts.csproj", "{CA13B0D9-E8FE-427A-A4A4-190DCE5F66B7}"
EndProject
Project("{FAE04EC0-301F-11D3-BF4B-00C04F79EFBC}") = "InitializeUnits", "InitializeUnits\InitializeUnits.csproj", "{325FC430-B2DB-49A6-8EA3-DBA793BCC1C8}"
EndProject
Project("{FAE04EC0-301F-11D3-BF4B-00C04F79EFBC}") = "InitializeFluidComponents", "InitializeFluidComponents\InitializeFluidComponents.csproj", "{D46CE07E-E425-4688-B713-57077C2FFC59}"
EndProject
Project("{FAE04EC0-301F-11D3-BF4B-00C04F79EFBC}") = "ModelViewModelConverterContracts", "ModelViewModelConverterContracts\ModelViewModelConverterContracts.csproj", "{64948536-963F-4827-B173-85297A3611F2}"
EndProject
Project("{2150E333-8FDC-42A3-9474-1A3956D46DE8}") = "Utilities", "Utilities", "{2223B8D4-2ED3-4AEB-8140-BCD6EFD6CEE6}"
EndProject
Project("{FAE04EC0-301F-11D3-BF4B-00C04F79EFBC}") = "ModelViewModelConverters", "ModelViewModelConverters\ModelViewModelConverters.csproj", "{36D884F3-1A21-4A8B-B945-076B7D4AF445}"
EndProject
Global
	GlobalSection(SolutionConfigurationPlatforms) = preSolution
		Debug|Any CPU = Debug|Any CPU
		Release|Any CPU = Release|Any CPU
	EndGlobalSection
	GlobalSection(ProjectConfigurationPlatforms) = postSolution
		{4D4CBC0F-47D4-49E3-95B0-88F66E3A57CB}.Debug|Any CPU.ActiveCfg = Debug|Any CPU
		{4D4CBC0F-47D4-49E3-95B0-88F66E3A57CB}.Debug|Any CPU.Build.0 = Debug|Any CPU
		{4D4CBC0F-47D4-49E3-95B0-88F66E3A57CB}.Release|Any CPU.ActiveCfg = Release|Any CPU
		{4D4CBC0F-47D4-49E3-95B0-88F66E3A57CB}.Release|Any CPU.Build.0 = Release|Any CPU
		{7C0C3D3E-3927-4BB9-B63F-7CA60190A6D0}.Debug|Any CPU.ActiveCfg = Debug|Any CPU
		{7C0C3D3E-3927-4BB9-B63F-7CA60190A6D0}.Debug|Any CPU.Build.0 = Debug|Any CPU
		{7C0C3D3E-3927-4BB9-B63F-7CA60190A6D0}.Release|Any CPU.ActiveCfg = Release|Any CPU
		{7C0C3D3E-3927-4BB9-B63F-7CA60190A6D0}.Release|Any CPU.Build.0 = Release|Any CPU
		{2FD88395-33A7-4B61-A746-000441D482F4}.Debug|Any CPU.ActiveCfg = Debug|Any CPU
		{2FD88395-33A7-4B61-A746-000441D482F4}.Debug|Any CPU.Build.0 = Debug|Any CPU
		{2FD88395-33A7-4B61-A746-000441D482F4}.Release|Any CPU.ActiveCfg = Release|Any CPU
		{2FD88395-33A7-4B61-A746-000441D482F4}.Release|Any CPU.Build.0 = Release|Any CPU
		{060C0A86-19BF-4566-9C49-FA3DAF1FA29C}.Debug|Any CPU.ActiveCfg = Debug|Any CPU
		{060C0A86-19BF-4566-9C49-FA3DAF1FA29C}.Debug|Any CPU.Build.0 = Debug|Any CPU
		{060C0A86-19BF-4566-9C49-FA3DAF1FA29C}.Release|Any CPU.ActiveCfg = Release|Any CPU
		{060C0A86-19BF-4566-9C49-FA3DAF1FA29C}.Release|Any CPU.Build.0 = Release|Any CPU
		{99A596A9-0000-470C-93D3-9400713BFD24}.Debug|Any CPU.ActiveCfg = Debug|Any CPU
		{99A596A9-0000-470C-93D3-9400713BFD24}.Debug|Any CPU.Build.0 = Debug|Any CPU
		{99A596A9-0000-470C-93D3-9400713BFD24}.Release|Any CPU.ActiveCfg = Release|Any CPU
		{99A596A9-0000-470C-93D3-9400713BFD24}.Release|Any CPU.Build.0 = Release|Any CPU
		{F114F3E4-2393-4071-BB95-6626B985530E}.Debug|Any CPU.ActiveCfg = Debug|Any CPU
		{F114F3E4-2393-4071-BB95-6626B985530E}.Debug|Any CPU.Build.0 = Debug|Any CPU
		{F114F3E4-2393-4071-BB95-6626B985530E}.Release|Any CPU.ActiveCfg = Release|Any CPU
		{F114F3E4-2393-4071-BB95-6626B985530E}.Release|Any CPU.Build.0 = Release|Any CPU
		{49AAD8AE-C4A9-499B-A9E7-68C3894457E9}.Debug|Any CPU.ActiveCfg = Debug|Any CPU
		{49AAD8AE-C4A9-499B-A9E7-68C3894457E9}.Debug|Any CPU.Build.0 = Debug|Any CPU
		{49AAD8AE-C4A9-499B-A9E7-68C3894457E9}.Release|Any CPU.ActiveCfg = Release|Any CPU
		{49AAD8AE-C4A9-499B-A9E7-68C3894457E9}.Release|Any CPU.Build.0 = Release|Any CPU
		{2882E46E-49A1-4523-8AD5-D316DB70C815}.Debug|Any CPU.ActiveCfg = Debug|Any CPU
		{2882E46E-49A1-4523-8AD5-D316DB70C815}.Debug|Any CPU.Build.0 = Debug|Any CPU
		{2882E46E-49A1-4523-8AD5-D316DB70C815}.Release|Any CPU.ActiveCfg = Release|Any CPU
		{2882E46E-49A1-4523-8AD5-D316DB70C815}.Release|Any CPU.Build.0 = Release|Any CPU
		{2D6F4AC0-540A-409B-9EB4-D6E26EE6141F}.Debug|Any CPU.ActiveCfg = Debug|Any CPU
		{2D6F4AC0-540A-409B-9EB4-D6E26EE6141F}.Debug|Any CPU.Build.0 = Debug|Any CPU
		{2D6F4AC0-540A-409B-9EB4-D6E26EE6141F}.Release|Any CPU.ActiveCfg = Release|Any CPU
		{2D6F4AC0-540A-409B-9EB4-D6E26EE6141F}.Release|Any CPU.Build.0 = Release|Any CPU
		{CA13B0D9-E8FE-427A-A4A4-190DCE5F66B7}.Debug|Any CPU.ActiveCfg = Debug|Any CPU
		{CA13B0D9-E8FE-427A-A4A4-190DCE5F66B7}.Debug|Any CPU.Build.0 = Debug|Any CPU
		{CA13B0D9-E8FE-427A-A4A4-190DCE5F66B7}.Release|Any CPU.ActiveCfg = Release|Any CPU
		{CA13B0D9-E8FE-427A-A4A4-190DCE5F66B7}.Release|Any CPU.Build.0 = Release|Any CPU
		{325FC430-B2DB-49A6-8EA3-DBA793BCC1C8}.Debug|Any CPU.ActiveCfg = Debug|Any CPU
		{325FC430-B2DB-49A6-8EA3-DBA793BCC1C8}.Debug|Any CPU.Build.0 = Debug|Any CPU
		{325FC430-B2DB-49A6-8EA3-DBA793BCC1C8}.Release|Any CPU.ActiveCfg = Release|Any CPU
		{325FC430-B2DB-49A6-8EA3-DBA793BCC1C8}.Release|Any CPU.Build.0 = Release|Any CPU
		{D46CE07E-E425-4688-B713-57077C2FFC59}.Debug|Any CPU.ActiveCfg = Debug|Any CPU
		{D46CE07E-E425-4688-B713-57077C2FFC59}.Debug|Any CPU.Build.0 = Debug|Any CPU
		{D46CE07E-E425-4688-B713-57077C2FFC59}.Release|Any CPU.ActiveCfg = Release|Any CPU
		{D46CE07E-E425-4688-B713-57077C2FFC59}.Release|Any CPU.Build.0 = Release|Any CPU
		{64948536-963F-4827-B173-85297A3611F2}.Debug|Any CPU.ActiveCfg = Debug|Any CPU
		{64948536-963F-4827-B173-85297A3611F2}.Debug|Any CPU.Build.0 = Debug|Any CPU
		{64948536-963F-4827-B173-85297A3611F2}.Release|Any CPU.ActiveCfg = Release|Any CPU
		{64948536-963F-4827-B173-85297A3611F2}.Release|Any CPU.Build.0 = Release|Any CPU
		{36D884F3-1A21-4A8B-B945-076B7D4AF445}.Debug|Any CPU.ActiveCfg = Debug|Any CPU
		{36D884F3-1A21-4A8B-B945-076B7D4AF445}.Debug|Any CPU.Build.0 = Debug|Any CPU
		{36D884F3-1A21-4A8B-B945-076B7D4AF445}.Release|Any CPU.ActiveCfg = Release|Any CPU
		{36D884F3-1A21-4A8B-B945-076B7D4AF445}.Release|Any CPU.Build.0 = Release|Any CPU
	EndGlobalSection
	GlobalSection(SolutionProperties) = preSolution
		HideSolutionNode = FALSE
	EndGlobalSection
	GlobalSection(NestedProjects) = preSolution
		{060C0A86-19BF-4566-9C49-FA3DAF1FA29C} = {A6ECD72C-60BC-4F6F-8562-D59D4329E0E7}
		{F114F3E4-2393-4071-BB95-6626B985530E} = {C210DBAA-5634-4583-A259-825BCE827718}
		{49AAD8AE-C4A9-499B-A9E7-68C3894457E9} = {A6ECD72C-60BC-4F6F-8562-D59D4329E0E7}
		{2882E46E-49A1-4523-8AD5-D316DB70C815} = {66B27A47-A040-484D-A34F-A051BA1A1C8C}
		{1B2603ED-FAAF-4ED6-B0A6-F71E1490837B} = {17380F04-EBCA-45D6-8952-E3A39B74B4E9}
		{2D6F4AC0-540A-409B-9EB4-D6E26EE6141F} = {1B2603ED-FAAF-4ED6-B0A6-F71E1490837B}
		{CA13B0D9-E8FE-427A-A4A4-190DCE5F66B7} = {1B2603ED-FAAF-4ED6-B0A6-F71E1490837B}
		{325FC430-B2DB-49A6-8EA3-DBA793BCC1C8} = {C210DBAA-5634-4583-A259-825BCE827718}
		{D46CE07E-E425-4688-B713-57077C2FFC59} = {C210DBAA-5634-4583-A259-825BCE827718}
		{64948536-963F-4827-B173-85297A3611F2} = {A6ECD72C-60BC-4F6F-8562-D59D4329E0E7}
		{36D884F3-1A21-4A8B-B945-076B7D4AF445} = {2223B8D4-2ED3-4AEB-8140-BCD6EFD6CEE6}
	EndGlobalSection
EndGlobal
